# This file is automatically @generated by Cargo.
# It is not intended for manual editing.
[[package]]
name = "read_input"
version = "0.8.1"
source = "registry+https://github.com/rust-lang/crates.io-index"

[[package]]
name = "rustoku"
version = "0.1.0"
dependencies = [
 "read_input 0.8.1 (registry+https://github.com/rust-lang/crates.io-index)",
]

[metadata]
"checksum read_input 0.8.1 (registry+https://github.com/rust-lang/crates.io-index)" = "330ada8bd9c2f736ab4159dc2c60ed06b3820a8009ba901d0fcfaab003b66c62"
